
Microsoft Visual Studio Solution File, Format Version 12.00
# Visual Studio Version 17
VisualStudioVersion = 17.3.32505.426
MinimumVisualStudioVersion = 10.0.40219.1
Project("{9A19103F-16F7-4668-BE54-9A1E7A4F7556}") = "UpdatePusher", "UpdatePusher\UpdatePusher.csproj", "{3FEF41C3-463B-4786-A5E3-9D43B7A36056}"
EndProject
Project("{9A19103F-16F7-4668-BE54-9A1E7A4F7556}") = "UpdateUnpacker", "UpdateUnpacker\UpdateUnpacker.csproj", "{D895B055-BD43-47AA-9DF9-C02899E552B3}"
EndProject
Project("{FAE04EC0-301F-11D3-BF4B-00C04F79EFBC}") = "UpdateConsole", "UpdateConsole\UpdateConsole.csproj", "{B0E1F076-62EB-404E-857F-1D5CECCA2045}"
EndProject
Global
	GlobalSection(SolutionConfigurationPlatforms) = preSolution
		Debug|Any CPU = Debug|Any CPU
		Release|Any CPU = Release|Any CPU
	EndGlobalSection
	GlobalSection(ProjectConfigurationPlatforms) = postSolution
		{3FEF41C3-463B-4786-A5E3-9D43B7A36056}.Debug|Any CPU.ActiveCfg = Debug|Any CPU
		{3FEF41C3-463B-4786-A5E3-9D43B7A36056}.Debug|Any CPU.Build.0 = Debug|Any CPU
		{3FEF41C3-463B-4786-A5E3-9D43B7A36056}.Release|Any CPU.ActiveCfg = Release|Any CPU
		{3FEF41C3-463B-4786-A5E3-9D43B7A36056}.Release|Any CPU.Build.0 = Release|Any CPU
		{D895B055-BD43-47AA-9DF9-C02899E552B3}.Debug|Any CPU.ActiveCfg = Debug|Any CPU
		{D895B055-BD43-47AA-9DF9-C02899E552B3}.Debug|Any CPU.Build.0 = Debug|Any CPU
		{D895B055-BD43-47AA-9DF9-C02899E552B3}.Release|Any CPU.ActiveCfg = Release|Any CPU
		{D895B055-BD43-47AA-9DF9-C02899E552B3}.Release|Any CPU.Build.0 = Release|Any CPU
		{B0E1F076-62EB-404E-857F-1D5CECCA2045}.Debug|Any CPU.ActiveCfg = Debug|Any CPU
		{B0E1F076-62EB-404E-857F-1D5CECCA2045}.Debug|Any CPU.Build.0 = Debug|Any CPU
		{B0E1F076-62EB-404E-857F-1D5CECCA2045}.Release|Any CPU.ActiveCfg = Release|Any CPU
		{B0E1F076-62EB-404E-857F-1D5CECCA2045}.Release|Any CPU.Build.0 = Release|Any CPU
	EndGlobalSection
	GlobalSection(SolutionProperties) = preSolution
		HideSolutionNode = FALSE
	EndGlobalSection
	GlobalSection(ExtensibilityGlobals) = postSolution
		SolutionGuid = {5279D6DB-4EF9-466F-BA9D-769E53C98723}
	EndGlobalSection
EndGlobal
